// !$*UTF8*$!
{
	archiveVersion = 1;
	classes = {
	};
	objectVersion = 46;
	objects = {

/* Begin PBXBuildFile section */
		4DE93C2F1CE8D7D4008041C3 /* AppDelegate.swift in Sources */ = {isa = PBXBuildFile; fileRef = 4DE93C2E1CE8D7D4008041C3 /* AppDelegate.swift */; };
		4DE93C311CE8D7D4008041C3 /* ViewController.swift in Sources */ = {isa = PBXBuildFile; fileRef = 4DE93C301CE8D7D4008041C3 /* ViewController.swift */; };
		4DE93C341CE8D7D4008041C3 /* Main.storyboard in Resources */ = {isa = PBXBuildFile; fileRef = 4DE93C321CE8D7D4008041C3 /* Main.storyboard */; };
		4DE93C361CE8D7D4008041C3 /* Assets.xcassets in Resources */ = {isa = PBXBuildFile; fileRef = 4DE93C351CE8D7D4008041C3 /* Assets.xcassets */; };
		4DE93C391CE8D7D4008041C3 /* LaunchScreen.storyboard in Resources */ = {isa = PBXBuildFile; fileRef = 4DE93C371CE8D7D4008041C3 /* LaunchScreen.storyboard */; };
		4DE93C441CE8D7D4008041C3 /* UM_Liars_DiceTests.swift in Sources */ = {isa = PBXBuildFile; fileRef = 4DE93C431CE8D7D4008041C3 /* UM_Liars_DiceTests.swift */; };
		4DE93C4F1CE8D7D4008041C3 /* UM_Liars_DiceUITests.swift in Sources */ = {isa = PBXBuildFile; fileRef = 4DE93C4E1CE8D7D4008041C3 /* UM_Liars_DiceUITests.swift */; };
		4DE93C7E1CE8DA99008041C3 /* about.html in Resources */ = {isa = PBXBuildFile; fileRef = 4DE93C611CE8DA99008041C3 /* about.html */; };
		4DE93C7F1CE8DA99008041C3 /* rules.html in Resources */ = {isa = PBXBuildFile; fileRef = 4DE93C621CE8DA99008041C3 /* rules.html */; };
		4DE93C801CE8DA99008041C3 /* AppIcon-iPad@1x.png in Resources */ = {isa = PBXBuildFile; fileRef = 4DE93C641CE8DA99008041C3 /* AppIcon-iPad@1x.png */; };
		4DE93C811CE8DA99008041C3 /* AppIcon-iPad@2x.png in Resources */ = {isa = PBXBuildFile; fileRef = 4DE93C651CE8DA99008041C3 /* AppIcon-iPad@2x.png */; };
		4DE93C821CE8DA99008041C3 /* AppIcon-iPadPro@2x.png in Resources */ = {isa = PBXBuildFile; fileRef = 4DE93C661CE8DA99008041C3 /* AppIcon-iPadPro@2x.png */; };
		4DE93C901CE8DA99008041C3 /* AppIcon@2x.png in Resources */ = {isa = PBXBuildFile; fileRef = 4DE93C741CE8DA99008041C3 /* AppIcon@2x.png */; };
		4DE93C911CE8DA99008041C3 /* AppIcon@3x.png in Resources */ = {isa = PBXBuildFile; fileRef = 4DE93C751CE8DA99008041C3 /* AppIcon@3x.png */; };
		4DE93C931CE8DA99008041C3 /* iTunesArtwork.png in Resources */ = {isa = PBXBuildFile; fileRef = 4DE93C771CE8DA99008041C3 /* iTunesArtwork.png */; };
		4DE93C941CE8DA99008041C3 /* Settings@1x.png in Resources */ = {isa = PBXBuildFile; fileRef = 4DE93C781CE8DA99008041C3 /* Settings@1x.png */; };
		4DE93C951CE8DA99008041C3 /* Settings@2x.png in Resources */ = {isa = PBXBuildFile; fileRef = 4DE93C791CE8DA99008041C3 /* Settings@2x.png */; };
		4DE93C961CE8DA99008041C3 /* Settings@3x.png in Resources */ = {isa = PBXBuildFile; fileRef = 4DE93C7A1CE8DA99008041C3 /* Settings@3x.png */; };
		4DE93C971CE8DA99008041C3 /* Spotlight@1x.png in Resources */ = {isa = PBXBuildFile; fileRef = 4DE93C7B1CE8DA99008041C3 /* Spotlight@1x.png */; };
		4DE93C981CE8DA99008041C3 /* Spotlight@2x.png in Resources */ = {isa = PBXBuildFile; fileRef = 4DE93C7C1CE8DA99008041C3 /* Spotlight@2x.png */; };
		4DE93C991CE8DA99008041C3 /* Spotlight@3x.png in Resources */ = {isa = PBXBuildFile; fileRef = 4DE93C7D1CE8DA99008041C3 /* Spotlight@3x.png */; };
		4DE93CA31CE8DD79008041C3 /* DiceLogicEngine.h in Headers */ = {isa = PBXBuildFile; fileRef = 4DE93CA21CE8DD79008041C3 /* DiceLogicEngine.h */; settings = {ATTRIBUTES = (Public, ); }; };
		4DE93CAA1CE8DD79008041C3 /* DiceLogicEngine.framework in Frameworks */ = {isa = PBXBuildFile; fileRef = 4DE93CA01CE8DD79008041C3 /* DiceLogicEngine.framework */; };
		4DE93CB11CE8DD79008041C3 /* DiceLogicEngineTests.swift in Sources */ = {isa = PBXBuildFile; fileRef = 4DE93CB01CE8DD79008041C3 /* DiceLogicEngineTests.swift */; };
		4DE93CB51CE8DD79008041C3 /* DiceLogicEngine.framework in Frameworks */ = {isa = PBXBuildFile; fileRef = 4DE93CA01CE8DD79008041C3 /* DiceLogicEngine.framework */; };
		4DE93CB71CE8DD79008041C3 /* DiceLogicEngine.framework in Embed Frameworks */ = {isa = PBXBuildFile; fileRef = 4DE93CA01CE8DD79008041C3 /* DiceLogicEngine.framework */; settings = {ATTRIBUTES = (CodeSignOnCopy, RemoveHeadersOnCopy, ); }; };
		4DE93CBF1CE8DDCE008041C3 /* DiceLogicEngine.swift in Sources */ = {isa = PBXBuildFile; fileRef = 4DE93CBE1CE8DDCE008041C3 /* DiceLogicEngine.swift */; };
		4DE93CC11CE8DE01008041C3 /* Die.swift in Sources */ = {isa = PBXBuildFile; fileRef = 4DE93CC01CE8DE01008041C3 /* Die.swift */; };
		4DE93CC51CE8E0D2008041C3 /* MessagePack.framework in Frameworks */ = {isa = PBXBuildFile; fileRef = 4DE93CC31CE8E0D2008041C3 /* MessagePack.framework */; };
		4DE93CC61CE8E0D2008041C3 /* Rainbow.framework in Frameworks */ = {isa = PBXBuildFile; fileRef = 4DE93CC41CE8E0D2008041C3 /* Rainbow.framework */; };
		4DE93CCA1CE8E23E008041C3 /* ErrorHandling.swift in Sources */ = {isa = PBXBuildFile; fileRef = 4DE93CC91CE8E23E008041C3 /* ErrorHandling.swift */; };
		4DE93CCC1CE8E6BF008041C3 /* DieTests.swift in Sources */ = {isa = PBXBuildFile; fileRef = 4DE93CCB1CE8E6BF008041C3 /* DieTests.swift */; };
		4DE93CCF1CE8EAC8008041C3 /* GameplayKit.framework in Frameworks */ = {isa = PBXBuildFile; fileRef = 4DE93CCE1CE8EAC8008041C3 /* GameplayKit.framework */; };
		4DE93CD11CE8EB5A008041C3 /* Random.swift in Sources */ = {isa = PBXBuildFile; fileRef = 4DE93CD01CE8EB5A008041C3 /* Random.swift */; };
		4DE93CD21CE8EFA8008041C3 /* MessagePack.framework in Frameworks */ = {isa = PBXBuildFile; fileRef = 4DE93CC31CE8E0D2008041C3 /* MessagePack.framework */; };
		4DE93CD41CE8F14D008041C3 /* Player.swift in Sources */ = {isa = PBXBuildFile; fileRef = 4DE93CD31CE8F14D008041C3 /* Player.swift */; };
		4DE93CD71CE8F270008041C3 /* HistoryItem.swift in Sources */ = {isa = PBXBuildFile; fileRef = 4DE93CD61CE8F270008041C3 /* HistoryItem.swift */; };
		4DE93CD91CE8F5D0008041C3 /* Serializable.swift in Sources */ = {isa = PBXBuildFile; fileRef = 4DE93CD81CE8F5D0008041C3 /* Serializable.swift */; };
		4DE93CDB1CE8F83F008041C3 /* BidAction.swift in Sources */ = {isa = PBXBuildFile; fileRef = 4DE93CDA1CE8F83F008041C3 /* BidAction.swift */; };
		4DE93CDD1CE8F856008041C3 /* Action.swift in Sources */ = {isa = PBXBuildFile; fileRef = 4DE93CDC1CE8F856008041C3 /* Action.swift */; };
/* End PBXBuildFile section */

/* Begin PBXContainerItemProxy section */
		4DE93C401CE8D7D4008041C3 /* PBXContainerItemProxy */ = {
			isa = PBXContainerItemProxy;
			containerPortal = 4DE93C231CE8D7D4008041C3 /* Project object */;
			proxyType = 1;
			remoteGlobalIDString = 4DE93C2A1CE8D7D4008041C3;
			remoteInfo = "UM Liars Dice";
		};
		4DE93C4B1CE8D7D4008041C3 /* PBXContainerItemProxy */ = {
			isa = PBXContainerItemProxy;
			containerPortal = 4DE93C231CE8D7D4008041C3 /* Project object */;
			proxyType = 1;
			remoteGlobalIDString = 4DE93C2A1CE8D7D4008041C3;
			remoteInfo = "UM Liars Dice";
		};
		4DE93CAB1CE8DD79008041C3 /* PBXContainerItemProxy */ = {
			isa = PBXContainerItemProxy;
			containerPortal = 4DE93C231CE8D7D4008041C3 /* Project object */;
			proxyType = 1;
			remoteGlobalIDString = 4DE93C9F1CE8DD79008041C3;
			remoteInfo = DiceLogicEngine;
		};
		4DE93CAD1CE8DD79008041C3 /* PBXContainerItemProxy */ = {
			isa = PBXContainerItemProxy;
			containerPortal = 4DE93C231CE8D7D4008041C3 /* Project object */;
			proxyType = 1;
			remoteGlobalIDString = 4DE93C2A1CE8D7D4008041C3;
			remoteInfo = "UM Liars Dice";
		};
		4DE93CB31CE8DD79008041C3 /* PBXContainerItemProxy */ = {
			isa = PBXContainerItemProxy;
			containerPortal = 4DE93C231CE8D7D4008041C3 /* Project object */;
			proxyType = 1;
			remoteGlobalIDString = 4DE93C9F1CE8DD79008041C3;
			remoteInfo = DiceLogicEngine;
		};
/* End PBXContainerItemProxy section */

/* Begin PBXCopyFilesBuildPhase section */
		4DE93CB61CE8DD79008041C3 /* Embed Frameworks */ = {
			isa = PBXCopyFilesBuildPhase;
			buildActionMask = 2147483647;
			dstPath = "";
			dstSubfolderSpec = 10;
			files = (
				4DE93CB71CE8DD79008041C3 /* DiceLogicEngine.framework in Embed Frameworks */,
			);
			name = "Embed Frameworks";
			runOnlyForDeploymentPostprocessing = 0;
		};
/* End PBXCopyFilesBuildPhase section */

/* Begin PBXFileReference section */
		4DE93C2B1CE8D7D4008041C3 /* UM Liars Dice.app */ = {isa = PBXFileReference; explicitFileType = wrapper.application; includeInIndex = 0; path = "UM Liars Dice.app"; sourceTree = BUILT_PRODUCTS_DIR; };
		4DE93C2E1CE8D7D4008041C3 /* AppDelegate.swift */ = {isa = PBXFileReference; lastKnownFileType = sourcecode.swift; path = AppDelegate.swift; sourceTree = "<group>"; };
		4DE93C301CE8D7D4008041C3 /* ViewController.swift */ = {isa = PBXFileReference; lastKnownFileType = sourcecode.swift; path = ViewController.swift; sourceTree = "<group>"; };
		4DE93C331CE8D7D4008041C3 /* Base */ = {isa = PBXFileReference; lastKnownFileType = file.storyboard; name = Base; path = Base.lproj/Main.storyboard; sourceTree = "<group>"; };
		4DE93C351CE8D7D4008041C3 /* Assets.xcassets */ = {isa = PBXFileReference; lastKnownFileType = folder.assetcatalog; path = Assets.xcassets; sourceTree = "<group>"; };
		4DE93C381CE8D7D4008041C3 /* Base */ = {isa = PBXFileReference; lastKnownFileType = file.storyboard; name = Base; path = Base.lproj/LaunchScreen.storyboard; sourceTree = "<group>"; };
		4DE93C3A1CE8D7D4008041C3 /* Info.plist */ = {isa = PBXFileReference; lastKnownFileType = text.plist.xml; path = Info.plist; sourceTree = "<group>"; };
		4DE93C3F1CE8D7D4008041C3 /* UM Liars DiceTests.xctest */ = {isa = PBXFileReference; explicitFileType = wrapper.cfbundle; includeInIndex = 0; path = "UM Liars DiceTests.xctest"; sourceTree = BUILT_PRODUCTS_DIR; };
		4DE93C431CE8D7D4008041C3 /* UM_Liars_DiceTests.swift */ = {isa = PBXFileReference; lastKnownFileType = sourcecode.swift; path = UM_Liars_DiceTests.swift; sourceTree = "<group>"; };
		4DE93C451CE8D7D4008041C3 /* Info.plist */ = {isa = PBXFileReference; lastKnownFileType = text.plist.xml; path = Info.plist; sourceTree = "<group>"; };
		4DE93C4A1CE8D7D4008041C3 /* UM Liars DiceUITests.xctest */ = {isa = PBXFileReference; explicitFileType = wrapper.cfbundle; includeInIndex = 0; path = "UM Liars DiceUITests.xctest"; sourceTree = BUILT_PRODUCTS_DIR; };
		4DE93C4E1CE8D7D4008041C3 /* UM_Liars_DiceUITests.swift */ = {isa = PBXFileReference; lastKnownFileType = sourcecode.swift; path = UM_Liars_DiceUITests.swift; sourceTree = "<group>"; };
		4DE93C501CE8D7D4008041C3 /* Info.plist */ = {isa = PBXFileReference; lastKnownFileType = text.plist.xml; path = Info.plist; sourceTree = "<group>"; };
		4DE93C611CE8DA99008041C3 /* about.html */ = {isa = PBXFileReference; fileEncoding = 4; lastKnownFileType = text.html; path = about.html; sourceTree = "<group>"; };
		4DE93C621CE8DA99008041C3 /* rules.html */ = {isa = PBXFileReference; fileEncoding = 4; lastKnownFileType = text.html; path = rules.html; sourceTree = "<group>"; };
		4DE93C641CE8DA99008041C3 /* AppIcon-iPad@1x.png */ = {isa = PBXFileReference; lastKnownFileType = image.png; path = "AppIcon-iPad@1x.png"; sourceTree = "<group>"; };
		4DE93C651CE8DA99008041C3 /* AppIcon-iPad@2x.png */ = {isa = PBXFileReference; lastKnownFileType = image.png; path = "AppIcon-iPad@2x.png"; sourceTree = "<group>"; };
		4DE93C661CE8DA99008041C3 /* AppIcon-iPadPro@2x.png */ = {isa = PBXFileReference; lastKnownFileType = image.png; path = "AppIcon-iPadPro@2x.png"; sourceTree = "<group>"; };
		4DE93C741CE8DA99008041C3 /* AppIcon@2x.png */ = {isa = PBXFileReference; lastKnownFileType = image.png; path = "AppIcon@2x.png"; sourceTree = "<group>"; };
		4DE93C751CE8DA99008041C3 /* AppIcon@3x.png */ = {isa = PBXFileReference; lastKnownFileType = image.png; path = "AppIcon@3x.png"; sourceTree = "<group>"; };
		4DE93C761CE8DA99008041C3 /* Artwork VectorGraphics.afdesign */ = {isa = PBXFileReference; lastKnownFileType = file; path = "Artwork VectorGraphics.afdesign"; sourceTree = "<group>"; };
		4DE93C771CE8DA99008041C3 /* iTunesArtwork.png */ = {isa = PBXFileReference; lastKnownFileType = image.png; path = iTunesArtwork.png; sourceTree = "<group>"; };
		4DE93C781CE8DA99008041C3 /* Settings@1x.png */ = {isa = PBXFileReference; lastKnownFileType = image.png; path = "Settings@1x.png"; sourceTree = "<group>"; };
		4DE93C791CE8DA99008041C3 /* Settings@2x.png */ = {isa = PBXFileReference; lastKnownFileType = image.png; path = "Settings@2x.png"; sourceTree = "<group>"; };
		4DE93C7A1CE8DA99008041C3 /* Settings@3x.png */ = {isa = PBXFileReference; lastKnownFileType = image.png; path = "Settings@3x.png"; sourceTree = "<group>"; };
		4DE93C7B1CE8DA99008041C3 /* Spotlight@1x.png */ = {isa = PBXFileReference; lastKnownFileType = image.png; path = "Spotlight@1x.png"; sourceTree = "<group>"; };
		4DE93C7C1CE8DA99008041C3 /* Spotlight@2x.png */ = {isa = PBXFileReference; lastKnownFileType = image.png; path = "Spotlight@2x.png"; sourceTree = "<group>"; };
		4DE93C7D1CE8DA99008041C3 /* Spotlight@3x.png */ = {isa = PBXFileReference; lastKnownFileType = image.png; path = "Spotlight@3x.png"; sourceTree = "<group>"; };
		4DE93C9A1CE8DC08008041C3 /* Cartfile */ = {isa = PBXFileReference; lastKnownFileType = text; path = Cartfile; sourceTree = "<group>"; };
		4DE93CA01CE8DD79008041C3 /* DiceLogicEngine.framework */ = {isa = PBXFileReference; explicitFileType = wrapper.framework; includeInIndex = 0; path = DiceLogicEngine.framework; sourceTree = BUILT_PRODUCTS_DIR; };
		4DE93CA21CE8DD79008041C3 /* DiceLogicEngine.h */ = {isa = PBXFileReference; lastKnownFileType = sourcecode.c.h; path = DiceLogicEngine.h; sourceTree = "<group>"; };
		4DE93CA41CE8DD79008041C3 /* Info.plist */ = {isa = PBXFileReference; lastKnownFileType = text.plist.xml; path = Info.plist; sourceTree = "<group>"; };
		4DE93CA91CE8DD79008041C3 /* DiceLogicEngineTests.xctest */ = {isa = PBXFileReference; explicitFileType = wrapper.cfbundle; includeInIndex = 0; path = DiceLogicEngineTests.xctest; sourceTree = BUILT_PRODUCTS_DIR; };
		4DE93CB01CE8DD79008041C3 /* DiceLogicEngineTests.swift */ = {isa = PBXFileReference; lastKnownFileType = sourcecode.swift; path = DiceLogicEngineTests.swift; sourceTree = "<group>"; };
		4DE93CB21CE8DD79008041C3 /* Info.plist */ = {isa = PBXFileReference; lastKnownFileType = text.plist.xml; path = Info.plist; sourceTree = "<group>"; };
		4DE93CBE1CE8DDCE008041C3 /* DiceLogicEngine.swift */ = {isa = PBXFileReference; fileEncoding = 4; lastKnownFileType = sourcecode.swift; path = DiceLogicEngine.swift; sourceTree = "<group>"; };
		4DE93CC01CE8DE01008041C3 /* Die.swift */ = {isa = PBXFileReference; fileEncoding = 4; lastKnownFileType = sourcecode.swift; path = Die.swift; sourceTree = "<group>"; };
		4DE93CC31CE8E0D2008041C3 /* MessagePack.framework */ = {isa = PBXFileReference; lastKnownFileType = wrapper.framework; name = MessagePack.framework; path = Carthage/Build/iOS/MessagePack.framework; sourceTree = "<group>"; };
		4DE93CC41CE8E0D2008041C3 /* Rainbow.framework */ = {isa = PBXFileReference; lastKnownFileType = wrapper.framework; name = Rainbow.framework; path = Carthage/Build/iOS/Rainbow.framework; sourceTree = "<group>"; };
		4DE93CC91CE8E23E008041C3 /* ErrorHandling.swift */ = {isa = PBXFileReference; fileEncoding = 4; lastKnownFileType = sourcecode.swift; path = ErrorHandling.swift; sourceTree = "<group>"; };
		4DE93CCB1CE8E6BF008041C3 /* DieTests.swift */ = {isa = PBXFileReference; fileEncoding = 4; lastKnownFileType = sourcecode.swift; path = DieTests.swift; sourceTree = "<group>"; };
		4DE93CCE1CE8EAC8008041C3 /* GameplayKit.framework */ = {isa = PBXFileReference; lastKnownFileType = wrapper.framework; name = GameplayKit.framework; path = System/Library/Frameworks/GameplayKit.framework; sourceTree = SDKROOT; };
		4DE93CD01CE8EB5A008041C3 /* Random.swift */ = {isa = PBXFileReference; fileEncoding = 4; lastKnownFileType = sourcecode.swift; path = Random.swift; sourceTree = "<group>"; };
		4DE93CD31CE8F14D008041C3 /* Player.swift */ = {isa = PBXFileReference; fileEncoding = 4; lastKnownFileType = sourcecode.swift; path = Player.swift; sourceTree = "<group>"; };
		4DE93CD61CE8F270008041C3 /* HistoryItem.swift */ = {isa = PBXFileReference; fileEncoding = 4; lastKnownFileType = sourcecode.swift; path = HistoryItem.swift; sourceTree = "<group>"; };
		4DE93CD81CE8F5D0008041C3 /* Serializable.swift */ = {isa = PBXFileReference; fileEncoding = 4; lastKnownFileType = sourcecode.swift; path = Serializable.swift; sourceTree = "<group>"; };
		4DE93CDA1CE8F83F008041C3 /* BidAction.swift */ = {isa = PBXFileReference; fileEncoding = 4; lastKnownFileType = sourcecode.swift; path = BidAction.swift; sourceTree = "<group>"; };
		4DE93CDC1CE8F856008041C3 /* Action.swift */ = {isa = PBXFileReference; fileEncoding = 4; lastKnownFileType = sourcecode.swift; path = Action.swift; sourceTree = "<group>"; };
/* End PBXFileReference section */

/* Begin PBXFrameworksBuildPhase section */
		4DE93C281CE8D7D4008041C3 /* Frameworks */ = {
			isa = PBXFrameworksBuildPhase;
			buildActionMask = 2147483647;
			files = (
				4DE93CB51CE8DD79008041C3 /* DiceLogicEngine.framework in Frameworks */,
			);
			runOnlyForDeploymentPostprocessing = 0;
		};
		4DE93C3C1CE8D7D4008041C3 /* Frameworks */ = {
			isa = PBXFrameworksBuildPhase;
			buildActionMask = 2147483647;
			files = (
			);
			runOnlyForDeploymentPostprocessing = 0;
		};
		4DE93C471CE8D7D4008041C3 /* Frameworks */ = {
			isa = PBXFrameworksBuildPhase;
			buildActionMask = 2147483647;
			files = (
			);
			runOnlyForDeploymentPostprocessing = 0;
		};
		4DE93C9C1CE8DD79008041C3 /* Frameworks */ = {
			isa = PBXFrameworksBuildPhase;
			buildActionMask = 2147483647;
			files = (
				4DE93CCF1CE8EAC8008041C3 /* GameplayKit.framework in Frameworks */,
				4DE93CC51CE8E0D2008041C3 /* MessagePack.framework in Frameworks */,
				4DE93CC61CE8E0D2008041C3 /* Rainbow.framework in Frameworks */,
			);
			runOnlyForDeploymentPostprocessing = 0;
		};
		4DE93CA61CE8DD79008041C3 /* Frameworks */ = {
			isa = PBXFrameworksBuildPhase;
			buildActionMask = 2147483647;
			files = (
				4DE93CAA1CE8DD79008041C3 /* DiceLogicEngine.framework in Frameworks */,
				4DE93CD21CE8EFA8008041C3 /* MessagePack.framework in Frameworks */,
			);
			runOnlyForDeploymentPostprocessing = 0;
		};
/* End PBXFrameworksBuildPhase section */

/* Begin PBXGroup section */
		4DE93C221CE8D7D4008041C3 = {
			isa = PBXGroup;
			children = (
				4DE93CCD1CE8EABC008041C3 /* Frameworks */,
				4DE93C9A1CE8DC08008041C3 /* Cartfile */,
				4DE93C601CE8DA99008041C3 /* HTML */,
				4DE93C631CE8DA99008041C3 /* Images */,
				4DE93C2D1CE8D7D4008041C3 /* UM Liars Dice */,
				4DE93C421CE8D7D4008041C3 /* UM Liars DiceTests */,
				4DE93C4D1CE8D7D4008041C3 /* UM Liars DiceUITests */,
				4DE93CA11CE8DD79008041C3 /* DiceLogicEngine */,
				4DE93CAF1CE8DD79008041C3 /* DiceLogicEngineTests */,
				4DE93C2C1CE8D7D4008041C3 /* Products */,
			);
			sourceTree = "<group>";
		};
		4DE93C2C1CE8D7D4008041C3 /* Products */ = {
			isa = PBXGroup;
			children = (
				4DE93C2B1CE8D7D4008041C3 /* UM Liars Dice.app */,
				4DE93C3F1CE8D7D4008041C3 /* UM Liars DiceTests.xctest */,
				4DE93C4A1CE8D7D4008041C3 /* UM Liars DiceUITests.xctest */,
				4DE93CA01CE8DD79008041C3 /* DiceLogicEngine.framework */,
				4DE93CA91CE8DD79008041C3 /* DiceLogicEngineTests.xctest */,
			);
			name = Products;
			sourceTree = "<group>";
		};
		4DE93C2D1CE8D7D4008041C3 /* UM Liars Dice */ = {
			isa = PBXGroup;
			children = (
				4DE93C2E1CE8D7D4008041C3 /* AppDelegate.swift */,
				4DE93C301CE8D7D4008041C3 /* ViewController.swift */,
				4DE93C321CE8D7D4008041C3 /* Main.storyboard */,
				4DE93C351CE8D7D4008041C3 /* Assets.xcassets */,
				4DE93C371CE8D7D4008041C3 /* LaunchScreen.storyboard */,
				4DE93C3A1CE8D7D4008041C3 /* Info.plist */,
			);
			path = "UM Liars Dice";
			sourceTree = "<group>";
		};
		4DE93C421CE8D7D4008041C3 /* UM Liars DiceTests */ = {
			isa = PBXGroup;
			children = (
				4DE93C431CE8D7D4008041C3 /* UM_Liars_DiceTests.swift */,
				4DE93C451CE8D7D4008041C3 /* Info.plist */,
			);
			path = "UM Liars DiceTests";
			sourceTree = "<group>";
		};
		4DE93C4D1CE8D7D4008041C3 /* UM Liars DiceUITests */ = {
			isa = PBXGroup;
			children = (
				4DE93C4E1CE8D7D4008041C3 /* UM_Liars_DiceUITests.swift */,
				4DE93C501CE8D7D4008041C3 /* Info.plist */,
			);
			path = "UM Liars DiceUITests";
			sourceTree = "<group>";
		};
		4DE93C601CE8DA99008041C3 /* HTML */ = {
			isa = PBXGroup;
			children = (
				4DE93C611CE8DA99008041C3 /* about.html */,
				4DE93C621CE8DA99008041C3 /* rules.html */,
			);
			name = HTML;
			path = "UM Liars Dice/HTML";
			sourceTree = "<group>";
		};
		4DE93C631CE8DA99008041C3 /* Images */ = {
			isa = PBXGroup;
			children = (
				4DE93C641CE8DA99008041C3 /* AppIcon-iPad@1x.png */,
				4DE93C651CE8DA99008041C3 /* AppIcon-iPad@2x.png */,
				4DE93C661CE8DA99008041C3 /* AppIcon-iPadPro@2x.png */,
				4DE93C741CE8DA99008041C3 /* AppIcon@2x.png */,
				4DE93C751CE8DA99008041C3 /* AppIcon@3x.png */,
				4DE93C761CE8DA99008041C3 /* Artwork VectorGraphics.afdesign */,
				4DE93C771CE8DA99008041C3 /* iTunesArtwork.png */,
				4DE93C781CE8DA99008041C3 /* Settings@1x.png */,
				4DE93C791CE8DA99008041C3 /* Settings@2x.png */,
				4DE93C7A1CE8DA99008041C3 /* Settings@3x.png */,
				4DE93C7B1CE8DA99008041C3 /* Spotlight@1x.png */,
				4DE93C7C1CE8DA99008041C3 /* Spotlight@2x.png */,
				4DE93C7D1CE8DA99008041C3 /* Spotlight@3x.png */,
			);
			name = Images;
			path = "UM Liars Dice/Images";
			sourceTree = "<group>";
		};
		4DE93CA11CE8DD79008041C3 /* DiceLogicEngine */ = {
			isa = PBXGroup;
			children = (
				4DE93CD51CE8F257008041C3 /* History */,
				4DE93CA21CE8DD79008041C3 /* DiceLogicEngine.h */,
				4DE93CA41CE8DD79008041C3 /* Info.plist */,
				4DE93CBE1CE8DDCE008041C3 /* DiceLogicEngine.swift */,
				4DE93CC01CE8DE01008041C3 /* Die.swift */,
				4DE93CC91CE8E23E008041C3 /* ErrorHandling.swift */,
				4DE93CD31CE8F14D008041C3 /* Player.swift */,
				4DE93CD01CE8EB5A008041C3 /* Random.swift */,
				4DE93CD81CE8F5D0008041C3 /* Serializable.swift */,
			);
			path = DiceLogicEngine;
			sourceTree = "<group>";
		};
		4DE93CAF1CE8DD79008041C3 /* DiceLogicEngineTests */ = {
			isa = PBXGroup;
			children = (
				4DE93CB01CE8DD79008041C3 /* DiceLogicEngineTests.swift */,
				4DE93CB21CE8DD79008041C3 /* Info.plist */,
				4DE93CCB1CE8E6BF008041C3 /* DieTests.swift */,
			);
			path = DiceLogicEngineTests;
			sourceTree = "<group>";
		};
		4DE93CCD1CE8EABC008041C3 /* Frameworks */ = {
			isa = PBXGroup;
			children = (
				4DE93CCE1CE8EAC8008041C3 /* GameplayKit.framework */,
				4DE93CC31CE8E0D2008041C3 /* MessagePack.framework */,
				4DE93CC41CE8E0D2008041C3 /* Rainbow.framework */,
			);
			name = Frameworks;
			sourceTree = "<group>";
		};
		4DE93CD51CE8F257008041C3 /* History */ = {
			isa = PBXGroup;
			children = (
				4DE93CD61CE8F270008041C3 /* HistoryItem.swift */,
				4DE93CDA1CE8F83F008041C3 /* BidAction.swift */,
				4DE93CDC1CE8F856008041C3 /* Action.swift */,
			);
			path = History;
			sourceTree = "<group>";
		};
/* End PBXGroup section */

/* Begin PBXHeadersBuildPhase section */
		4DE93C9D1CE8DD79008041C3 /* Headers */ = {
			isa = PBXHeadersBuildPhase;
			buildActionMask = 2147483647;
			files = (
				4DE93CA31CE8DD79008041C3 /* DiceLogicEngine.h in Headers */,
			);
			runOnlyForDeploymentPostprocessing = 0;
		};
/* End PBXHeadersBuildPhase section */

/* Begin PBXNativeTarget section */
		4DE93C2A1CE8D7D4008041C3 /* UM Liars Dice */ = {
			isa = PBXNativeTarget;
			buildConfigurationList = 4DE93C531CE8D7D4008041C3 /* Build configuration list for PBXNativeTarget "UM Liars Dice" */;
			buildPhases = (
				4DE93C271CE8D7D4008041C3 /* Sources */,
				4DE93C281CE8D7D4008041C3 /* Frameworks */,
				4DE93C291CE8D7D4008041C3 /* Resources */,
				4DE93CB61CE8DD79008041C3 /* Embed Frameworks */,
				4DE93CC81CE8E16F008041C3 /* Copy Carthage Frameworks */,
			);
			buildRules = (
			);
			dependencies = (
				4DE93CB41CE8DD79008041C3 /* PBXTargetDependency */,
			);
			name = "UM Liars Dice";
			productName = "UM Liars Dice";
			productReference = 4DE93C2B1CE8D7D4008041C3 /* UM Liars Dice.app */;
			productType = "com.apple.product-type.application";
		};
		4DE93C3E1CE8D7D4008041C3 /* UM Liars DiceTests */ = {
			isa = PBXNativeTarget;
			buildConfigurationList = 4DE93C561CE8D7D4008041C3 /* Build configuration list for PBXNativeTarget "UM Liars DiceTests" */;
			buildPhases = (
				4DE93C3B1CE8D7D4008041C3 /* Sources */,
				4DE93C3C1CE8D7D4008041C3 /* Frameworks */,
				4DE93C3D1CE8D7D4008041C3 /* Resources */,
			);
			buildRules = (
			);
			dependencies = (
				4DE93C411CE8D7D4008041C3 /* PBXTargetDependency */,
			);
			name = "UM Liars DiceTests";
			productName = "UM Liars DiceTests";
			productReference = 4DE93C3F1CE8D7D4008041C3 /* UM Liars DiceTests.xctest */;
			productType = "com.apple.product-type.bundle.unit-test";
		};
		4DE93C491CE8D7D4008041C3 /* UM Liars DiceUITests */ = {
			isa = PBXNativeTarget;
			buildConfigurationList = 4DE93C591CE8D7D4008041C3 /* Build configuration list for PBXNativeTarget "UM Liars DiceUITests" */;
			buildPhases = (
				4DE93C461CE8D7D4008041C3 /* Sources */,
				4DE93C471CE8D7D4008041C3 /* Frameworks */,
				4DE93C481CE8D7D4008041C3 /* Resources */,
			);
			buildRules = (
			);
			dependencies = (
				4DE93C4C1CE8D7D4008041C3 /* PBXTargetDependency */,
			);
			name = "UM Liars DiceUITests";
			productName = "UM Liars DiceUITests";
			productReference = 4DE93C4A1CE8D7D4008041C3 /* UM Liars DiceUITests.xctest */;
			productType = "com.apple.product-type.bundle.ui-testing";
		};
		4DE93C9F1CE8DD79008041C3 /* DiceLogicEngine */ = {
			isa = PBXNativeTarget;
			buildConfigurationList = 4DE93CB81CE8DD7A008041C3 /* Build configuration list for PBXNativeTarget "DiceLogicEngine" */;
			buildPhases = (
				4DE93C9B1CE8DD79008041C3 /* Sources */,
				4DE93C9C1CE8DD79008041C3 /* Frameworks */,
				4DE93C9D1CE8DD79008041C3 /* Headers */,
				4DE93C9E1CE8DD79008041C3 /* Resources */,
			);
			buildRules = (
			);
			dependencies = (
			);
			name = DiceLogicEngine;
			productName = DiceLogicEngine;
			productReference = 4DE93CA01CE8DD79008041C3 /* DiceLogicEngine.framework */;
			productType = "com.apple.product-type.framework";
		};
		4DE93CA81CE8DD79008041C3 /* DiceLogicEngineTests */ = {
			isa = PBXNativeTarget;
			buildConfigurationList = 4DE93CBB1CE8DD7A008041C3 /* Build configuration list for PBXNativeTarget "DiceLogicEngineTests" */;
			buildPhases = (
				4DE93CA51CE8DD79008041C3 /* Sources */,
				4DE93CA61CE8DD79008041C3 /* Frameworks */,
				4DE93CA71CE8DD79008041C3 /* Resources */,
			);
			buildRules = (
			);
			dependencies = (
				4DE93CAC1CE8DD79008041C3 /* PBXTargetDependency */,
				4DE93CAE1CE8DD79008041C3 /* PBXTargetDependency */,
			);
			name = DiceLogicEngineTests;
			productName = DiceLogicEngineTests;
			productReference = 4DE93CA91CE8DD79008041C3 /* DiceLogicEngineTests.xctest */;
			productType = "com.apple.product-type.bundle.unit-test";
		};
/* End PBXNativeTarget section */

/* Begin PBXProject section */
		4DE93C231CE8D7D4008041C3 /* Project object */ = {
			isa = PBXProject;
			attributes = {
				LastSwiftUpdateCheck = 0730;
				LastUpgradeCheck = 0730;
				ORGANIZATIONNAME = "Alex Turner";
				TargetAttributes = {
					4DE93C2A1CE8D7D4008041C3 = {
						CreatedOnToolsVersion = 7.3.1;
					};
					4DE93C3E1CE8D7D4008041C3 = {
						CreatedOnToolsVersion = 7.3.1;
						TestTargetID = 4DE93C2A1CE8D7D4008041C3;
					};
					4DE93C491CE8D7D4008041C3 = {
						CreatedOnToolsVersion = 7.3.1;
						TestTargetID = 4DE93C2A1CE8D7D4008041C3;
					};
					4DE93C9F1CE8DD79008041C3 = {
						CreatedOnToolsVersion = 7.3.1;
					};
					4DE93CA81CE8DD79008041C3 = {
						CreatedOnToolsVersion = 7.3.1;
						TestTargetID = 4DE93C2A1CE8D7D4008041C3;
					};
				};
			};
			buildConfigurationList = 4DE93C261CE8D7D4008041C3 /* Build configuration list for PBXProject "UM Liars Dice" */;
			compatibilityVersion = "Xcode 3.2";
			developmentRegion = English;
			hasScannedForEncodings = 0;
			knownRegions = (
				en,
				Base,
			);
			mainGroup = 4DE93C221CE8D7D4008041C3;
			productRefGroup = 4DE93C2C1CE8D7D4008041C3 /* Products */;
			projectDirPath = "";
			projectRoot = "";
			targets = (
				4DE93C2A1CE8D7D4008041C3 /* UM Liars Dice */,
				4DE93C3E1CE8D7D4008041C3 /* UM Liars DiceTests */,
				4DE93C491CE8D7D4008041C3 /* UM Liars DiceUITests */,
				4DE93C9F1CE8DD79008041C3 /* DiceLogicEngine */,
				4DE93CA81CE8DD79008041C3 /* DiceLogicEngineTests */,
			);
		};
/* End PBXProject section */

/* Begin PBXResourcesBuildPhase section */
		4DE93C291CE8D7D4008041C3 /* Resources */ = {
			isa = PBXResourcesBuildPhase;
			buildActionMask = 2147483647;
			files = (
				4DE93C981CE8DA99008041C3 /* Spotlight@2x.png in Resources */,
				4DE93C961CE8DA99008041C3 /* Settings@3x.png in Resources */,
				4DE93C991CE8DA99008041C3 /* Spotlight@3x.png in Resources */,
				4DE93C911CE8DA99008041C3 /* AppIcon@3x.png in Resources */,
				4DE93C7E1CE8DA99008041C3 /* about.html in Resources */,
				4DE93C821CE8DA99008041C3 /* AppIcon-iPadPro@2x.png in Resources */,
				4DE93C951CE8DA99008041C3 /* Settings@2x.png in Resources */,
				4DE93C391CE8D7D4008041C3 /* LaunchScreen.storyboard in Resources */,
				4DE93C801CE8DA99008041C3 /* AppIcon-iPad@1x.png in Resources */,
				4DE93C901CE8DA99008041C3 /* AppIcon@2x.png in Resources */,
				4DE93C971CE8DA99008041C3 /* Spotlight@1x.png in Resources */,
				4DE93C941CE8DA99008041C3 /* Settings@1x.png in Resources */,
				4DE93C7F1CE8DA99008041C3 /* rules.html in Resources */,
				4DE93C811CE8DA99008041C3 /* AppIcon-iPad@2x.png in Resources */,
				4DE93C361CE8D7D4008041C3 /* Assets.xcassets in Resources */,
				4DE93C931CE8DA99008041C3 /* iTunesArtwork.png in Resources */,
				4DE93C341CE8D7D4008041C3 /* Main.storyboard in Resources */,
			);
			runOnlyForDeploymentPostprocessing = 0;
		};
		4DE93C3D1CE8D7D4008041C3 /* Resources */ = {
			isa = PBXResourcesBuildPhase;
			buildActionMask = 2147483647;
			files = (
			);
			runOnlyForDeploymentPostprocessing = 0;
		};
		4DE93C481CE8D7D4008041C3 /* Resources */ = {
			isa = PBXResourcesBuildPhase;
			buildActionMask = 2147483647;
			files = (
			);
			runOnlyForDeploymentPostprocessing = 0;
		};
		4DE93C9E1CE8DD79008041C3 /* Resources */ = {
			isa = PBXResourcesBuildPhase;
			buildActionMask = 2147483647;
			files = (
			);
			runOnlyForDeploymentPostprocessing = 0;
		};
		4DE93CA71CE8DD79008041C3 /* Resources */ = {
			isa = PBXResourcesBuildPhase;
			buildActionMask = 2147483647;
			files = (
			);
			runOnlyForDeploymentPostprocessing = 0;
		};
/* End PBXResourcesBuildPhase section */

/* Begin PBXShellScriptBuildPhase section */
		4DE93CC81CE8E16F008041C3 /* Copy Carthage Frameworks */ = {
			isa = PBXShellScriptBuildPhase;
			buildActionMask = 2147483647;
			files = (
			);
			inputPaths = (
				"$(SRCROOT)/Carthage/Build/iOS/MessagePack.framework",
				"$(SRCROOT)/Carthage/Build/iOS/Rainbow.framework",
			);
			name = "Copy Carthage Frameworks";
			outputPaths = (
			);
			runOnlyForDeploymentPostprocessing = 0;
			shellPath = /bin/sh;
			shellScript = "/usr/local/bin/carthage copy-frameworks";
		};
/* End PBXShellScriptBuildPhase section */

/* Begin PBXSourcesBuildPhase section */
		4DE93C271CE8D7D4008041C3 /* Sources */ = {
			isa = PBXSourcesBuildPhase;
			buildActionMask = 2147483647;
			files = (
				4DE93C311CE8D7D4008041C3 /* ViewController.swift in Sources */,
				4DE93C2F1CE8D7D4008041C3 /* AppDelegate.swift in Sources */,
			);
			runOnlyForDeploymentPostprocessing = 0;
		};
		4DE93C3B1CE8D7D4008041C3 /* Sources */ = {
			isa = PBXSourcesBuildPhase;
			buildActionMask = 2147483647;
			files = (
				4DE93C441CE8D7D4008041C3 /* UM_Liars_DiceTests.swift in Sources */,
			);
			runOnlyForDeploymentPostprocessing = 0;
		};
		4DE93C461CE8D7D4008041C3 /* Sources */ = {
			isa = PBXSourcesBuildPhase;
			buildActionMask = 2147483647;
			files = (
				4DE93C4F1CE8D7D4008041C3 /* UM_Liars_DiceUITests.swift in Sources */,
			);
			runOnlyForDeploymentPostprocessing = 0;
		};
		4DE93C9B1CE8DD79008041C3 /* Sources */ = {
			isa = PBXSourcesBuildPhase;
			buildActionMask = 2147483647;
			files = (
				4DE93CD91CE8F5D0008041C3 /* Serializable.swift in Sources */,
				4DE93CDD1CE8F856008041C3 /* Action.swift in Sources */,
				4DE93CD41CE8F14D008041C3 /* Player.swift in Sources */,
				4DE93CD11CE8EB5A008041C3 /* Random.swift in Sources */,
				4DE93CCA1CE8E23E008041C3 /* ErrorHandling.swift in Sources */,
				4DE93CC11CE8DE01008041C3 /* Die.swift in Sources */,
				4DE93CBF1CE8DDCE008041C3 /* DiceLogicEngine.swift in Sources */,
				4DE93CD71CE8F270008041C3 /* HistoryItem.swift in Sources */,
				4DE93CDB1CE8F83F008041C3 /* BidAction.swift in Sources */,
			);
			runOnlyForDeploymentPostprocessing = 0;
		};
		4DE93CA51CE8DD79008041C3 /* Sources */ = {
			isa = PBXSourcesBuildPhase;
			buildActionMask = 2147483647;
			files = (
				4DE93CCC1CE8E6BF008041C3 /* DieTests.swift in Sources */,
				4DE93CB11CE8DD79008041C3 /* DiceLogicEngineTests.swift in Sources */,
			);
			runOnlyForDeploymentPostprocessing = 0;
		};
/* End PBXSourcesBuildPhase section */

/* Begin PBXTargetDependency section */
		4DE93C411CE8D7D4008041C3 /* PBXTargetDependency */ = {
			isa = PBXTargetDependency;
			target = 4DE93C2A1CE8D7D4008041C3 /* UM Liars Dice */;
			targetProxy = 4DE93C401CE8D7D4008041C3 /* PBXContainerItemProxy */;
		};
		4DE93C4C1CE8D7D4008041C3 /* PBXTargetDependency */ = {
			isa = PBXTargetDependency;
			target = 4DE93C2A1CE8D7D4008041C3 /* UM Liars Dice */;
			targetProxy = 4DE93C4B1CE8D7D4008041C3 /* PBXContainerItemProxy */;
		};
		4DE93CAC1CE8DD79008041C3 /* PBXTargetDependency */ = {
			isa = PBXTargetDependency;
			target = 4DE93C9F1CE8DD79008041C3 /* DiceLogicEngine */;
			targetProxy = 4DE93CAB1CE8DD79008041C3 /* PBXContainerItemProxy */;
		};
		4DE93CAE1CE8DD79008041C3 /* PBXTargetDependency */ = {
			isa = PBXTargetDependency;
			target = 4DE93C2A1CE8D7D4008041C3 /* UM Liars Dice */;
			targetProxy = 4DE93CAD1CE8DD79008041C3 /* PBXContainerItemProxy */;
		};
		4DE93CB41CE8DD79008041C3 /* PBXTargetDependency */ = {
			isa = PBXTargetDependency;
			target = 4DE93C9F1CE8DD79008041C3 /* DiceLogicEngine */;
			targetProxy = 4DE93CB31CE8DD79008041C3 /* PBXContainerItemProxy */;
		};
/* End PBXTargetDependency section */

/* Begin PBXVariantGroup section */
		4DE93C321CE8D7D4008041C3 /* Main.storyboard */ = {
			isa = PBXVariantGroup;
			children = (
				4DE93C331CE8D7D4008041C3 /* Base */,
			);
			name = Main.storyboard;
			sourceTree = "<group>";
		};
		4DE93C371CE8D7D4008041C3 /* LaunchScreen.storyboard */ = {
			isa = PBXVariantGroup;
			children = (
				4DE93C381CE8D7D4008041C3 /* Base */,
			);
			name = LaunchScreen.storyboard;
			sourceTree = "<group>";
		};
/* End PBXVariantGroup section */

/* Begin XCBuildConfiguration section */
		4DE93C511CE8D7D4008041C3 /* Debug */ = {
			isa = XCBuildConfiguration;
			buildSettings = {
				ALWAYS_SEARCH_USER_PATHS = NO;
				CLANG_ANALYZER_NONNULL = YES;
				CLANG_CXX_LANGUAGE_STANDARD = "gnu++0x";
				CLANG_CXX_LIBRARY = "libc++";
				CLANG_ENABLE_MODULES = YES;
				CLANG_ENABLE_OBJC_ARC = YES;
				CLANG_WARN_BOOL_CONVERSION = YES;
				CLANG_WARN_CONSTANT_CONVERSION = YES;
				CLANG_WARN_DIRECT_OBJC_ISA_USAGE = YES_ERROR;
				CLANG_WARN_EMPTY_BODY = YES;
				CLANG_WARN_ENUM_CONVERSION = YES;
				CLANG_WARN_INT_CONVERSION = YES;
				CLANG_WARN_OBJC_ROOT_CLASS = YES_ERROR;
				CLANG_WARN_UNREACHABLE_CODE = YES;
				CLANG_WARN__DUPLICATE_METHOD_MATCH = YES;
				"CODE_SIGN_IDENTITY[sdk=iphoneos*]" = "iPhone Developer";
				COPY_PHASE_STRIP = NO;
				DEBUG_INFORMATION_FORMAT = dwarf;
				ENABLE_STRICT_OBJC_MSGSEND = YES;
				ENABLE_TESTABILITY = YES;
				GCC_C_LANGUAGE_STANDARD = gnu99;
				GCC_DYNAMIC_NO_PIC = NO;
				GCC_NO_COMMON_BLOCKS = YES;
				GCC_OPTIMIZATION_LEVEL = 0;
				GCC_PREPROCESSOR_DEFINITIONS = (
					"DEBUG=1",
					"$(inherited)",
				);
				GCC_WARN_64_TO_32_BIT_CONVERSION = YES;
				GCC_WARN_ABOUT_RETURN_TYPE = YES_ERROR;
				GCC_WARN_UNDECLARED_SELECTOR = YES;
				GCC_WARN_UNINITIALIZED_AUTOS = YES_AGGRESSIVE;
				GCC_WARN_UNUSED_FUNCTION = YES;
				GCC_WARN_UNUSED_VARIABLE = YES;
				IPHONEOS_DEPLOYMENT_TARGET = 9.3;
				MTL_ENABLE_DEBUG_INFO = YES;
				ONLY_ACTIVE_ARCH = YES;
				SDKROOT = iphoneos;
				SWIFT_OPTIMIZATION_LEVEL = "-Onone";
				TARGETED_DEVICE_FAMILY = "1,2";
			};
			name = Debug;
		};
		4DE93C521CE8D7D4008041C3 /* Release */ = {
			isa = XCBuildConfiguration;
			buildSettings = {
				ALWAYS_SEARCH_USER_PATHS = NO;
				CLANG_ANALYZER_NONNULL = YES;
				CLANG_CXX_LANGUAGE_STANDARD = "gnu++0x";
				CLANG_CXX_LIBRARY = "libc++";
				CLANG_ENABLE_MODULES = YES;
				CLANG_ENABLE_OBJC_ARC = YES;
				CLANG_WARN_BOOL_CONVERSION = YES;
				CLANG_WARN_CONSTANT_CONVERSION = YES;
				CLANG_WARN_DIRECT_OBJC_ISA_USAGE = YES_ERROR;
				CLANG_WARN_EMPTY_BODY = YES;
				CLANG_WARN_ENUM_CONVERSION = YES;
				CLANG_WARN_INT_CONVERSION = YES;
				CLANG_WARN_OBJC_ROOT_CLASS = YES_ERROR;
				CLANG_WARN_UNREACHABLE_CODE = YES;
				CLANG_WARN__DUPLICATE_METHOD_MATCH = YES;
				"CODE_SIGN_IDENTITY[sdk=iphoneos*]" = "iPhone Developer";
				COPY_PHASE_STRIP = NO;
				DEBUG_INFORMATION_FORMAT = "dwarf-with-dsym";
				ENABLE_NS_ASSERTIONS = NO;
				ENABLE_STRICT_OBJC_MSGSEND = YES;
				GCC_C_LANGUAGE_STANDARD = gnu99;
				GCC_NO_COMMON_BLOCKS = YES;
				GCC_WARN_64_TO_32_BIT_CONVERSION = YES;
				GCC_WARN_ABOUT_RETURN_TYPE = YES_ERROR;
				GCC_WARN_UNDECLARED_SELECTOR = YES;
				GCC_WARN_UNINITIALIZED_AUTOS = YES_AGGRESSIVE;
				GCC_WARN_UNUSED_FUNCTION = YES;
				GCC_WARN_UNUSED_VARIABLE = YES;
				IPHONEOS_DEPLOYMENT_TARGET = 9.3;
				MTL_ENABLE_DEBUG_INFO = NO;
				SDKROOT = iphoneos;
				TARGETED_DEVICE_FAMILY = "1,2";
				VALIDATE_PRODUCT = YES;
			};
			name = Release;
		};
		4DE93C541CE8D7D4008041C3 /* Debug */ = {
			isa = XCBuildConfiguration;
			buildSettings = {
				ASSETCATALOG_COMPILER_APPICON_NAME = AppIcon;
				EMBEDDED_CONTENT_CONTAINS_SWIFT = YES;
				INFOPLIST_FILE = "UM Liars Dice/Info.plist";
				LD_RUNPATH_SEARCH_PATHS = "$(inherited) @executable_path/Frameworks";
				PRODUCT_BUNDLE_IDENTIFIER = "edu.umich.UM-Liars-Dice";
				PRODUCT_NAME = "$(TARGET_NAME)";
			};
			name = Debug;
		};
		4DE93C551CE8D7D4008041C3 /* Release */ = {
			isa = XCBuildConfiguration;
			buildSettings = {
				ASSETCATALOG_COMPILER_APPICON_NAME = AppIcon;
				EMBEDDED_CONTENT_CONTAINS_SWIFT = YES;
				INFOPLIST_FILE = "UM Liars Dice/Info.plist";
				LD_RUNPATH_SEARCH_PATHS = "$(inherited) @executable_path/Frameworks";
				PRODUCT_BUNDLE_IDENTIFIER = "edu.umich.UM-Liars-Dice";
				PRODUCT_NAME = "$(TARGET_NAME)";
			};
			name = Release;
		};
		4DE93C571CE8D7D4008041C3 /* Debug */ = {
			isa = XCBuildConfiguration;
			buildSettings = {
				BUNDLE_LOADER = "$(TEST_HOST)";
				INFOPLIST_FILE = "UM Liars DiceTests/Info.plist";
				LD_RUNPATH_SEARCH_PATHS = "$(inherited) @executable_path/Frameworks @loader_path/Frameworks";
				PRODUCT_BUNDLE_IDENTIFIER = "edu.umich.UM-Liars-DiceTests";
				PRODUCT_NAME = "$(TARGET_NAME)";
				TEST_HOST = "$(BUILT_PRODUCTS_DIR)/UM Liars Dice.app/UM Liars Dice";
			};
			name = Debug;
		};
		4DE93C581CE8D7D4008041C3 /* Release */ = {
			isa = XCBuildConfiguration;
			buildSettings = {
				BUNDLE_LOADER = "$(TEST_HOST)";
				INFOPLIST_FILE = "UM Liars DiceTests/Info.plist";
				LD_RUNPATH_SEARCH_PATHS = "$(inherited) @executable_path/Frameworks @loader_path/Frameworks";
				PRODUCT_BUNDLE_IDENTIFIER = "edu.umich.UM-Liars-DiceTests";
				PRODUCT_NAME = "$(TARGET_NAME)";
				TEST_HOST = "$(BUILT_PRODUCTS_DIR)/UM Liars Dice.app/UM Liars Dice";
			};
			name = Release;
		};
		4DE93C5A1CE8D7D4008041C3 /* Debug */ = {
			isa = XCBuildConfiguration;
			buildSettings = {
				INFOPLIST_FILE = "UM Liars DiceUITests/Info.plist";
				LD_RUNPATH_SEARCH_PATHS = "$(inherited) @executable_path/Frameworks @loader_path/Frameworks";
				PRODUCT_BUNDLE_IDENTIFIER = "edu.umich.UM-Liars-DiceUITests";
				PRODUCT_NAME = "$(TARGET_NAME)";
				TEST_TARGET_NAME = "UM Liars Dice";
			};
			name = Debug;
		};
		4DE93C5B1CE8D7D4008041C3 /* Release */ = {
			isa = XCBuildConfiguration;
			buildSettings = {
				INFOPLIST_FILE = "UM Liars DiceUITests/Info.plist";
				LD_RUNPATH_SEARCH_PATHS = "$(inherited) @executable_path/Frameworks @loader_path/Frameworks";
				PRODUCT_BUNDLE_IDENTIFIER = "edu.umich.UM-Liars-DiceUITests";
				PRODUCT_NAME = "$(TARGET_NAME)";
				TEST_TARGET_NAME = "UM Liars Dice";
			};
			name = Release;
		};
		4DE93CB91CE8DD7A008041C3 /* Debug */ = {
			isa = XCBuildConfiguration;
			buildSettings = {
				CLANG_ENABLE_MODULES = YES;
				CURRENT_PROJECT_VERSION = 1;
				DEFINES_MODULE = YES;
				DYLIB_COMPATIBILITY_VERSION = 1;
				DYLIB_CURRENT_VERSION = 1;
				DYLIB_INSTALL_NAME_BASE = "@rpath";
				FRAMEWORK_SEARCH_PATHS = (
					"$(inherited)",
					"$(PROJECT_DIR)/Carthage/Build/iOS",
				);
				INFOPLIST_FILE = DiceLogicEngine/Info.plist;
				INSTALL_PATH = "$(LOCAL_LIBRARY_DIR)/Frameworks";
				LD_RUNPATH_SEARCH_PATHS = "$(inherited) @executable_path/Frameworks @loader_path/Frameworks";
				PRODUCT_BUNDLE_IDENTIFIER = edu.umich.DiceLogicEngine;
				PRODUCT_NAME = "$(TARGET_NAME)";
				SKIP_INSTALL = YES;
				SWIFT_OPTIMIZATION_LEVEL = "-Onone";
				VERSIONING_SYSTEM = "apple-generic";
				VERSION_INFO_PREFIX = "";
			};
			name = Debug;
		};
		4DE93CBA1CE8DD7A008041C3 /* Release */ = {
			isa = XCBuildConfiguration;
			buildSettings = {
				CLANG_ENABLE_MODULES = YES;
				CURRENT_PROJECT_VERSION = 1;
				DEFINES_MODULE = YES;
				DYLIB_COMPATIBILITY_VERSION = 1;
				DYLIB_CURRENT_VERSION = 1;
				DYLIB_INSTALL_NAME_BASE = "@rpath";
				FRAMEWORK_SEARCH_PATHS = (
					"$(inherited)",
					"$(PROJECT_DIR)/Carthage/Build/iOS",
				);
				INFOPLIST_FILE = DiceLogicEngine/Info.plist;
				INSTALL_PATH = "$(LOCAL_LIBRARY_DIR)/Frameworks";
				LD_RUNPATH_SEARCH_PATHS = "$(inherited) @executable_path/Frameworks @loader_path/Frameworks";
				PRODUCT_BUNDLE_IDENTIFIER = edu.umich.DiceLogicEngine;
				PRODUCT_NAME = "$(TARGET_NAME)";
				SKIP_INSTALL = YES;
				VERSIONING_SYSTEM = "apple-generic";
				VERSION_INFO_PREFIX = "";
			};
			name = Release;
		};
		4DE93CBC1CE8DD7A008041C3 /* Debug */ = {
			isa = XCBuildConfiguration;
			buildSettings = {
				FRAMEWORK_SEARCH_PATHS = (
					"$(inherited)",
					"$(PROJECT_DIR)/Carthage/Build/iOS",
				);
				INFOPLIST_FILE = DiceLogicEngineTests/Info.plist;
				LD_RUNPATH_SEARCH_PATHS = "$(inherited) @executable_path/Frameworks @loader_path/Frameworks";
				PRODUCT_BUNDLE_IDENTIFIER = edu.umich.DiceLogicEngineTests;
				PRODUCT_NAME = "$(TARGET_NAME)";
				TEST_HOST = "$(BUILT_PRODUCTS_DIR)/UM Liars Dice.app/UM Liars Dice";
			};
			name = Debug;
		};
		4DE93CBD1CE8DD7A008041C3 /* Release */ = {
			isa = XCBuildConfiguration;
			buildSettings = {
				FRAMEWORK_SEARCH_PATHS = (
					"$(inherited)",
					"$(PROJECT_DIR)/Carthage/Build/iOS",
				);
				INFOPLIST_FILE = DiceLogicEngineTests/Info.plist;
				LD_RUNPATH_SEARCH_PATHS = "$(inherited) @executable_path/Frameworks @loader_path/Frameworks";
				PRODUCT_BUNDLE_IDENTIFIER = edu.umich.DiceLogicEngineTests;
				PRODUCT_NAME = "$(TARGET_NAME)";
				TEST_HOST = "$(BUILT_PRODUCTS_DIR)/UM Liars Dice.app/UM Liars Dice";
			};
			name = Release;
		};
/* End XCBuildConfiguration section */

/* Begin XCConfigurationList section */
		4DE93C261CE8D7D4008041C3 /* Build configuration list for PBXProject "UM Liars Dice" */ = {
			isa = XCConfigurationList;
			buildConfigurations = (
				4DE93C511CE8D7D4008041C3 /* Debug */,
				4DE93C521CE8D7D4008041C3 /* Release */,
			);
			defaultConfigurationIsVisible = 0;
			defaultConfigurationName = Release;
		};
		4DE93C531CE8D7D4008041C3 /* Build configuration list for PBXNativeTarget "UM Liars Dice" */ = {
			isa = XCConfigurationList;
			buildConfigurations = (
				4DE93C541CE8D7D4008041C3 /* Debug */,
				4DE93C551CE8D7D4008041C3 /* Release */,
			);
			defaultConfigurationIsVisible = 0;
		};
		4DE93C561CE8D7D4008041C3 /* Build configuration list for PBXNativeTarget "UM Liars DiceTests" */ = {
			isa = XCConfigurationList;
			buildConfigurations = (
				4DE93C571CE8D7D4008041C3 /* Debug */,
				4DE93C581CE8D7D4008041C3 /* Release */,
			);
			defaultConfigurationIsVisible = 0;
		};
		4DE93C591CE8D7D4008041C3 /* Build configuration list for PBXNativeTarget "UM Liars DiceUITests" */ = {
			isa = XCConfigurationList;
			buildConfigurations = (
				4DE93C5A1CE8D7D4008041C3 /* Debug */,
				4DE93C5B1CE8D7D4008041C3 /* Release */,
			);
			defaultConfigurationIsVisible = 0;
		};
		4DE93CB81CE8DD7A008041C3 /* Build configuration list for PBXNativeTarget "DiceLogicEngine" */ = {
			isa = XCConfigurationList;
			buildConfigurations = (
				4DE93CB91CE8DD7A008041C3 /* Debug */,
				4DE93CBA1CE8DD7A008041C3 /* Release */,
			);
			defaultConfigurationIsVisible = 0;
		};
		4DE93CBB1CE8DD7A008041C3 /* Build configuration list for PBXNativeTarget "DiceLogicEngineTests" */ = {
			isa = XCConfigurationList;
			buildConfigurations = (
				4DE93CBC1CE8DD7A008041C3 /* Debug */,
				4DE93CBD1CE8DD7A008041C3 /* Release */,
			);
			defaultConfigurationIsVisible = 0;
		};
/* End XCConfigurationList section */
	};
	rootObject = 4DE93C231CE8D7D4008041C3 /* Project object */;
}
